{
  "name": "modern-Vite",
  "version": "0.0.0",
  "lockfileVersion": 2,
  "requires": true,
  "packages": {
    "": {
      "name": "modern-Vite",
      "version": "0.0.0",
      "dependencies": {
        "react": "^18.2.0",
        "react-dom": "^18.2.0"
      },
      "devDependencies": {
        "@types/react": "^18.0.37",
        "@types/react-dom": "^18.0.11",
        "@vitejs/plugin-react": "^4.0.0",
        "autoprefixer": "^10.4.14",
        "eslint": "^8.38.0",
        "eslint-plugin-react": "^7.32.2",
        "eslint-plugin-react-hooks": "^4.6.0",
        "eslint-plugin-react-refresh": "^0.3.4",
        "postcss": "^8.4.24",
        "tailwindcss": "^3.3.2",
        "vite": "^4.3.9"
      }
},
    "node_modules/@alloc/quick-lru": {
      "version": "5.2.0",
      "resolved": "https://registry.npmjs.org/@alloc/quick-lru/-/quick-lru-5.2.0.tgz",
      "integrity": "sha512-UrcABB+4bUrFABwbluTIBErXwvbsU/V7TZWfmbgJfbkwiBuziS9gxdODUyuiecfdGQ85jglMW6juS3+z5TsKLw==",
      "dev": true,
      "engines": {
        "node": ">=10"
      },
      "funding": {
        "url": "https://github.com/sponsors/sindresorhus"
      }
},
    "node_modules/@ampproject/remapping": {
      "version": "2.2.1",
      "resolved": "https://registry.npmjs.org/@ampproject/remapping/-/remapping-2.2.1.tgz",
      "integrity": "sha512-lFMjJTrFL3j7L9yBxwYfCq2k6qqwHyzuUl/XBnif78PWTJYyL/dfowQHWE3sp6U6ZzqWiiIZnpTMO96zhkjwtg==",
      "dev": true,
      "dependencies": {
        "@jridgewell/gen-mapping": "^0.3.0",
        "@jridgewell/trace-mapping": "^0.3.9"
      },
      "engines": {
        "node": ">=6.0.0"
      }
  },
    "node_modules/@babel/code-frame": {
      "version": "7.22.5",
      "resolved": "https://registry.npmjs.org/@babel/code-frame/-/code-frame-7.22.5.tgz",
      "integrity": "sha512-Xmwn266vad+6DAqEB2A6V/CcZVp62BbwVmcOJc2RPuwih1kw02TjQvWVWlcKGbBPd+8/0V5DEkOcizRGYsspYQ==",
      "dev": true,
      "dependencies": {
        "@babel/highlight": "^7.22.5"
      },
      "engines": {
        "node": ">=6.9.0"
      }
},
    "node_modules/@babel/compat-data": {
      "version": "7.22.5",
      "resolved": "https://registry.npmjs.org/@babel/compat-data/-/compat-data-7.22.5.tgz",
      "integrity": "sha512-4Jc/YuIaYqKnDDz892kPIledykKg12Aw1PYX5i/TY28anJtacvM1Rrr8wbieB9GfEJwlzqT0hUEao0CxEebiDA==",
      "dev": true,
      "engines": {
        "node": ">=6.9.0"
      }
 },
    "node_modules/@babel/core": {
      "version": "7.22.5",
      "resolved": "https://registry.npmjs.org/@babel/core/-/core-7.22.5.tgz",
      "integrity": "sha512-SBuTAjg91A3eKOvD+bPEz3LlhHZRNu1nFOVts9lzDJTXshHTjII0BAtDS3Y2DAkdZdDKWVZGVwkDfc4Clxn1dg==",
      "dev": true,
      "dependencies": {
        "@ampproject/remapping": "^2.2.0",
        "@babel/code-frame": "^7.22.5",
        "@babel/generator": "^7.22.5",
        "@babel/helper-compilation-targets": "^7.22.5",
        "@babel/helper-module-transforms": "^7.22.5",
        "@babel/helpers": "^7.22.5",
        "@babel/parser": "^7.22.5",
        "@babel/template": "^7.22.5",
        "@babel/traverse": "^7.22.5",
        "@babel/types": "^7.22.5",
        "convert-source-map": "^1.7.0",
        "debug": "^4.1.0",
        "gensync": "^1.0.0-beta.2",
        "json5": "^2.2.2",
        "semver": "^6.3.0"
      },
      "engines": {
        "node": ">=6.9.0"
      },
      "funding": {
        "type": "opencollective",
        "url": "https://opencollective.com/babel"
      }
 },
    "node_modules/@babel/generator": {
      "version": "7.22.5",
      "resolved": "https://registry.npmjs.org/@babel/generator/-/generator-7.22.5.tgz",
      "integrity": "sha512-+lcUbnTRhd0jOewtFSedLyiPsD5tswKkbgcezOqqWFUVNEwoUTlpPOBmvhG7OXWLR4jMdv0czPGH5XbflnD1EA==",
      "dev": true,
      "dependencies": {
        "@babel/types": "^7.22.5",
        "@jridgewell/gen-mapping": "^0.3.2",
        "@jridgewell/trace-mapping": "^0.3.17",
        "jsesc": "^2.5.1"
      },
"engines": {
        "node": ">=6.9.0"
      }
 },
    "node_modules/@babel/helper-compilation-targets": {
      "version": "7.22.5",
      "resolved": "https://registry.npmjs.org/@babel/helper-compilation-targets/-/helper-compilation-targets-7.22.5.tgz",
      "integrity": "sha512-Ji+ywpHeuqxB8WDxraCiqR0xfhYjiDE/e6k7FuIaANnoOFxAHskHChz4vA1mJC9Lbm01s1PVAGhQY4FUKSkGZw==",
      "dev": true,
      "dependencies": {
        "@babel/compat-data": "^7.22.5",
        "@babel/helper-validator-option": "^7.22.5",
        "browserslist": "^4.21.3",
        "lru-cache": "^5.1.1",
        "semver": "^6.3.0"
      },
      "engines": {
        "node": ">=6.9.0"
      },
      "peerDependencies": {
        "@babel/core": "^7.0.0"
      }
    },
    "node_modules/@babel/helper-environment-visitor": {
      "version": "7.22.5",
      "resolved": "https://registry.npmjs.org/@babel/helper-environment-visitor/-/helper-environment-visitor-7.22.5.tgz",
      "integrity": "sha512-XGmhECfVA/5sAt+H+xpSg0mfrHq6FzNr9Oxh7PSEBBRUb/mL7Kz3NICXb194rCqAEdxkhPT1a88teizAFyvk8Q==",
      "dev": true,
      "engines": {
        "node": ">=6.9.0"
      }
    },
    "node_modules/@babel/helper-function-name": {
      "version": "7.22.5",
      "resolved": "https://registry.npmjs.org/@babel/helper-function-name/-/helper-function-name-7.22.5.tgz",
      "integrity": "sha512-wtHSq6jMRE3uF2otvfuD3DIvVhOsSNshQl0Qrd7qC9oQJzHvOL4qQXlQn2916+CXGywIjpGuIkoyZRRxHPiNQQ==",
      "dev": true,
      "dependencies": {
        "@babel/template": "^7.22.5",
        "@babel/types": "^7.22.5"
      },
      "engines": {
        "node": ">=6.9.0"
      } },
    "node_modules/@babel/helper-hoist-variables": {
      "version": "7.22.5",
      "resolved": "https://registry.npmjs.org/@babel/helper-hoist-variables/-/helper-hoist-variables-7.22.5.tgz",
      "integrity": "sha512-wGjk9QZVzvknA6yKIUURb8zY3grXCcOZt+/7Wcy8O2uctxhplmUPkOdlgoNhmdVee2c92JXbf1xpMtVNbfoxRw==",
      "dev": true,
      "dependencies": {
        "@babel/types": "^7.22.5"
      },
      "engines": {
        "node": ">=6.9.0"
      }
},
    "node_modules/@babel/helper-module-imports": {
      "version": "7.22.5",
      "resolved": "https://registry.npmjs.org/@babel/helper-module-imports/-/helper-module-imports-7.22.5.tgz",
      "integrity": "sha512-8Dl6+HD/cKifutF5qGd/8ZJi84QeAKh+CEe1sBzz8UayBBGg1dAIJrdHOcOM5b2MpzWL2yuotJTtGjETq0qjXg==",
      "dev": true,
      "dependencies": {
        "@babel/types": "^7.22.5"
      },
      "engines": {
        "node": ">=6.9.0"
      }
    },   
    "node_modules/@babel/helper-module-transforms": {
      "version": "7.22.5",
      "resolved": "https://registry.npmjs.org/@babel/helper-module-transforms/-/helper-module-transforms-7.22.5.tgz",
      "integrity": "sha512-+hGKDt/Ze8GFExiVHno/2dvG5IdstpzCq0y4Qc9OJ25D4q3pKfiIP/4Vp3/JvhDkLKsDK2api3q3fpIgiIF5bw==",
      "dev": true,
      "dependencies": {
        "@babel/helper-environment-visitor": "^7.22.5",
        "@babel/helper-module-imports": "^7.22.5",
        "@babel/helper-simple-access": "^7.22.5",
        "@babel/helper-split-export-declaration": "^7.22.5",
        "@babel/helper-validator-identifier": "^7.22.5",
        "@babel/template": "^7.22.5",
        "@babel/traverse": "^7.22.5",
        "@babel/types": "^7.22.5"
      },
      "engines": {
        "node": ">=6.9.0"
      }
    },
"node_modules/@babel/helper-plugin-utils": {
      "version": "7.22.5",
      "resolved": "https://registry.npmjs.org/@babel/helper-plugin-utils/-/helper-plugin-utils-7.22.5.tgz",
      "integrity": "sha512-uLls06UVKgFG9QD4OeFYLEGteMIAa5kpTPcFL28yuCIIzsf6ZyKZMllKVOCZFhiZ5ptnwX4mtKdWCBE/uT4amg==",
      "dev": true,
      "engines": {
        "node": ">=6.9.0"
      }
    },
    "node_modules/@babel/helper-simple-access": {
      "version": "7.22.5",
      "resolved": "https://registry.npmjs.org/@babel/helper-simple-access/-/helper-simple-access-7.22.5.tgz",
      "integrity": "sha512-n0H99E/K+Bika3++WNL17POvo4rKWZ7lZEp1Q+fStVbUi8nxPQEBOlTmCOxW/0JsS56SKKQ+ojAe2pHKJHN35w==",
      "dev": true,
      "dependencies": {
        "@babel/types": "^7.22.5"
      },
      "engines": {
        "node": ">=6.9.0"
      }
    },
    "node_modules/@babel/helper-split-export-declaration": {
      "version": "7.22.5",
      "resolved": "https://registry.npmjs.org/@babel/helper-split-export-declaration/-/helper-split-export-declaration-7.22.5.tgz",
      "integrity": "sha512-thqK5QFghPKWLhAV321lxF95yCg2K3Ob5yw+M3VHWfdia0IkPXUtoLH8x/6Fh486QUvzhb8YOWHChTVen2/PoQ==",
      "dev": true,
      "dependencies": {
        "@babel/types": "^7.22.5"
      },
      "engines": {
        "node": ">=6.9.0"
      }
    },
     },
    "node_modules/@babel/helper-string-parser": {
      "version": "7.22.5",
      "resolved": "https://registry.npmjs.org/@babel/helper-string-parser/-/helper-string-parser-7.22.5.tgz",
      "integrity": "sha512-mM4COjgZox8U+JcXQwPijIZLElkgEpO5rsERVDJTc2qfCDfERyob6k5WegS14SX18IIjv+XD+GrqNumY5JRCDw==",
      "dev": true,
      "engines": {
        "node": ">=6.9.0"
      }
    },
    "node_modules/@babel/helper-validator-identifier": {
      "version": "7.22.5",
      "resolved": "https://registry.npmjs.org/@babel/helper-validator-identifier/-/helper-validator-identifier-7.22.5.tgz",
      "integrity": "sha512-aJXu+6lErq8ltp+JhkJUfk1MTGyuA4v7f3pA+BJ5HLfNC6nAQ0Cpi9uOquUj8Hehg0aUiHzWQbOVJGao6ztBAQ==",
      "dev": true,
      "engines": {
        "node": ">=6.9.0"
      }
    },
    "node_modules/@babel/helper-validator-option": {
      "version": "7.22.5",
      "resolved": "https://registry.npmjs.org/@babel/helper-validator-option/-/helper-validator-option-7.22.5.tgz",
      "integrity": "sha512-R3oB6xlIVKUnxNUxbmgq7pKjxpru24zlimpE8WK47fACIlM0II/Hm1RS8IaOI7NgCr6LNS+jl5l75m20npAziw==",
      "dev": true,
      "engines": {
        "node": ">=6.9.0"
      }
    },
    "node_modules/@babel/helpers": {
      "version": "7.22.5",
      "resolved": "https://registry.npmjs.org/@babel/helpers/-/helpers-7.22.5.tgz",
      "integrity": "sha512-pSXRmfE1vzcUIDFQcSGA5Mr+GxBV9oiRKDuDxXvWQQBCh8HoIjs/2DlDB7H8smac1IVrB9/xdXj2N3Wol9Cr+Q==",
      "dev": true,
      "dependencies": {
        "@babel/template": "^7.22.5",
        "@babel/traverse": "^7.22.5",
        "@babel/types": "^7.22.5"
      },
      "engines": {
        "node": ">=6.9.0"
      }
    },
